
Microsoft Visual Studio Solution File, Format Version 12.00
# Visual Studio 2013
VisualStudioVersion = 12.0.21005.1
MinimumVisualStudioVersion = 10.0.40219.1
Project("{FAE04EC0-301F-11D3-BF4B-00C04F79EFBC}") = "HH.RMS.Consoles", "HH.RMS.Console\HH.RMS.Consoles.csproj", "{615233E0-34EB-4B3F-B92D-F192F54EAAEE}"
EndProject
Project("{FAE04EC0-301F-11D3-BF4B-00C04F79EFBC}") = "HH.RMS.MVC", "HH.RMS.MVC\HH.RMS.MVC.csproj", "{2AB2AF9D-CBD3-4C9D-B62B-A7D214C9B3E4}"
EndProject
Project("{FAE04EC0-301F-11D3-BF4B-00C04F79EFBC}") = "HH.RMS.Service", "HH.RMS.Service\HH.RMS.Service.csproj", "{E535A624-40B0-460F-A91B-69384D3F24E3}"
EndProject
Project("{2150E333-8FDC-42A3-9474-1A3956D46DE8}") = "04.WebSite", "04.WebSite", "{A530BEA1-2C41-4BBA-9742-E948600EFF19}"
EndProject
Project("{2150E333-8FDC-42A3-9474-1A3956D46DE8}") = "03.BLL", "03.BLL", "{65B12A52-F82A-4B6C-A512-195C842E648B}"
EndProject
Project("{2150E333-8FDC-42A3-9474-1A3956D46DE8}") = "02.DAL", "02.DAL", "{C167E75D-16A3-4E19-B4C1-190BCE606715}"
EndProject
Project("{2150E333-8FDC-42A3-9474-1A3956D46DE8}") = "07.TEST", "07.TEST", "{37CFBCC3-A3BA-4EEB-9A79-D13B2EBBE98E}"
EndProject
Project("{2150E333-8FDC-42A3-9474-1A3956D46DE8}") = "01.Common", "01.Common", "{41643B38-73AC-4C6D-BBC5-4A17EFC9566D}"
EndProject
Project("{FAE04EC0-301F-11D3-BF4B-00C04F79EFBC}") = "HH.RMS.Common", "HH.RMS.Common\HH.RMS.Common.csproj", "{B1AEA69D-CA7D-46B2-9D58-067231EC5749}"
EndProject
Project("{FAE04EC0-301F-11D3-BF4B-00C04F79EFBC}") = "HH.RMS.UnitTest", "HH.RMS.UnitTest\HH.RMS.UnitTest.csproj", "{31CB5CE9-7670-4BFD-B348-1670E6422054}"
EndProject
Project("{2150E333-8FDC-42A3-9474-1A3956D46DE8}") = "05.Application", "05.Application", "{8FEA7457-14EB-4778-B4E0-A406E52DA851}"
EndProject
Project("{FAE04EC0-301F-11D3-BF4B-00C04F79EFBC}") = "HH.RMS.Entity", "HH.RMS.Entity\HH.RMS.Entity.csproj", "{73B8AC6F-5953-4F02-A10C-13744DB73C8F}"
EndProject
Project("{2150E333-8FDC-42A3-9474-1A3956D46DE8}") = "06.Service", "06.Service", "{B0EEC3A1-162D-44B4-BF33-585A560904F6}"
EndProject
Project("{FAE04EC0-301F-11D3-BF4B-00C04F79EFBC}") = "HH.RMS.Job", "HH.RMS.Job\HH.RMS.Job.csproj", "{5C4525CD-DF58-4FB5-9AA0-43A870B75541}"
EndProject
Project("{FAE04EC0-301F-11D3-BF4B-00C04F79EFBC}") = "HH.RMS.WinForm", "HH.RMS.WinForm\HH.RMS.WinForm.csproj", "{8C26E256-18DF-4AD4-82D0-0AE54FFB7AF1}"
EndProject
Project("{FAE04EC0-301F-11D3-BF4B-00C04F79EFBC}") = "HH.RMS.Mobile", "HH.RMS.Mobile\HH.RMS.Mobile.csproj", "{C52A5AFF-4129-4EDF-A991-60F5BB886BD6}"
EndProject
Project("{FAE04EC0-301F-11D3-BF4B-00C04F79EFBC}") = "HH.ProjectMovie.Entity", "HH.RMS.ProjectMovie.Entity\HH.ProjectMovie.Entity.csproj", "{B25C5C05-DA86-4FD3-86B6-ECF196031B09}"
EndProject
Project("{FAE04EC0-301F-11D3-BF4B-00C04F79EFBC}") = "HH.ProjectMovie.Service", "HH.RMS.ProjectMovie.Service\HH.ProjectMovie.Service.csproj", "{293FE813-563E-429C-8501-E10894F397C6}"
EndProject
Project("{FAE04EC0-301F-11D3-BF4B-00C04F79EFBC}") = "HH.ProjectMovie.Common", "HH.ProjectMovie.Common\HH.ProjectMovie.Common.csproj", "{2B3E2556-B67F-4C9F-91C2-87741AD8FB50}"
EndProject
Project("{FAE04EC0-301F-11D3-BF4B-00C04F79EFBC}") = "HH.ProjectMovie.UnitTest", "HH.ProjectMovie.UnitTest\HH.ProjectMovie.UnitTest.csproj", "{A872C2CD-A37F-4E71-9B14-A408A7A3A62F}"
EndProject
Global
	GlobalSection(SolutionConfigurationPlatforms) = preSolution
		Debug|Any CPU = Debug|Any CPU
		Release|Any CPU = Release|Any CPU
	EndGlobalSection
	GlobalSection(ProjectConfigurationPlatforms) = postSolution
		{615233E0-34EB-4B3F-B92D-F192F54EAAEE}.Debug|Any CPU.ActiveCfg = Debug|Any CPU
		{615233E0-34EB-4B3F-B92D-F192F54EAAEE}.Debug|Any CPU.Build.0 = Debug|Any CPU
		{615233E0-34EB-4B3F-B92D-F192F54EAAEE}.Release|Any CPU.ActiveCfg = Release|Any CPU
		{615233E0-34EB-4B3F-B92D-F192F54EAAEE}.Release|Any CPU.Build.0 = Release|Any CPU
		{2AB2AF9D-CBD3-4C9D-B62B-A7D214C9B3E4}.Debug|Any CPU.ActiveCfg = Debug|Any CPU
		{2AB2AF9D-CBD3-4C9D-B62B-A7D214C9B3E4}.Debug|Any CPU.Build.0 = Debug|Any CPU
		{2AB2AF9D-CBD3-4C9D-B62B-A7D214C9B3E4}.Release|Any CPU.ActiveCfg = Release|Any CPU
		{2AB2AF9D-CBD3-4C9D-B62B-A7D214C9B3E4}.Release|Any CPU.Build.0 = Release|Any CPU
		{E535A624-40B0-460F-A91B-69384D3F24E3}.Debug|Any CPU.ActiveCfg = Debug|Any CPU
		{E535A624-40B0-460F-A91B-69384D3F24E3}.Debug|Any CPU.Build.0 = Debug|Any CPU
		{E535A624-40B0-460F-A91B-69384D3F24E3}.Release|Any CPU.ActiveCfg = Release|Any CPU
		{E535A624-40B0-460F-A91B-69384D3F24E3}.Release|Any CPU.Build.0 = Release|Any CPU
		{B1AEA69D-CA7D-46B2-9D58-067231EC5749}.Debug|Any CPU.ActiveCfg = Debug|Any CPU
		{B1AEA69D-CA7D-46B2-9D58-067231EC5749}.Debug|Any CPU.Build.0 = Debug|Any CPU
		{B1AEA69D-CA7D-46B2-9D58-067231EC5749}.Release|Any CPU.ActiveCfg = Release|Any CPU
		{B1AEA69D-CA7D-46B2-9D58-067231EC5749}.Release|Any CPU.Build.0 = Release|Any CPU
		{31CB5CE9-7670-4BFD-B348-1670E6422054}.Debug|Any CPU.ActiveCfg = Debug|Any CPU
		{31CB5CE9-7670-4BFD-B348-1670E6422054}.Debug|Any CPU.Build.0 = Debug|Any CPU
		{31CB5CE9-7670-4BFD-B348-1670E6422054}.Release|Any CPU.ActiveCfg = Release|Any CPU
		{31CB5CE9-7670-4BFD-B348-1670E6422054}.Release|Any CPU.Build.0 = Release|Any CPU
		{73B8AC6F-5953-4F02-A10C-13744DB73C8F}.Debug|Any CPU.ActiveCfg = Debug|Any CPU
		{73B8AC6F-5953-4F02-A10C-13744DB73C8F}.Debug|Any CPU.Build.0 = Debug|Any CPU
		{73B8AC6F-5953-4F02-A10C-13744DB73C8F}.Release|Any CPU.ActiveCfg = Release|Any CPU
		{73B8AC6F-5953-4F02-A10C-13744DB73C8F}.Release|Any CPU.Build.0 = Release|Any CPU
		{5C4525CD-DF58-4FB5-9AA0-43A870B75541}.Debug|Any CPU.ActiveCfg = Debug|Any CPU
		{5C4525CD-DF58-4FB5-9AA0-43A870B75541}.Debug|Any CPU.Build.0 = Debug|Any CPU
		{5C4525CD-DF58-4FB5-9AA0-43A870B75541}.Release|Any CPU.ActiveCfg = Release|Any CPU
		{5C4525CD-DF58-4FB5-9AA0-43A870B75541}.Release|Any CPU.Build.0 = Release|Any CPU
		{8C26E256-18DF-4AD4-82D0-0AE54FFB7AF1}.Debug|Any CPU.ActiveCfg = Debug|Any CPU
		{8C26E256-18DF-4AD4-82D0-0AE54FFB7AF1}.Debug|Any CPU.Build.0 = Debug|Any CPU
		{8C26E256-18DF-4AD4-82D0-0AE54FFB7AF1}.Release|Any CPU.ActiveCfg = Release|Any CPU
		{8C26E256-18DF-4AD4-82D0-0AE54FFB7AF1}.Release|Any CPU.Build.0 = Release|Any CPU
		{C52A5AFF-4129-4EDF-A991-60F5BB886BD6}.Debug|Any CPU.ActiveCfg = Debug|Any CPU
		{C52A5AFF-4129-4EDF-A991-60F5BB886BD6}.Debug|Any CPU.Build.0 = Debug|Any CPU
		{C52A5AFF-4129-4EDF-A991-60F5BB886BD6}.Release|Any CPU.ActiveCfg = Release|Any CPU
		{C52A5AFF-4129-4EDF-A991-60F5BB886BD6}.Release|Any CPU.Build.0 = Release|Any CPU
		{B25C5C05-DA86-4FD3-86B6-ECF196031B09}.Debug|Any CPU.ActiveCfg = Debug|Any CPU
		{B25C5C05-DA86-4FD3-86B6-ECF196031B09}.Debug|Any CPU.Build.0 = Debug|Any CPU
		{B25C5C05-DA86-4FD3-86B6-ECF196031B09}.Release|Any CPU.ActiveCfg = Release|Any CPU
		{B25C5C05-DA86-4FD3-86B6-ECF196031B09}.Release|Any CPU.Build.0 = Release|Any CPU
		{293FE813-563E-429C-8501-E10894F397C6}.Debug|Any CPU.ActiveCfg = Debug|Any CPU
		{293FE813-563E-429C-8501-E10894F397C6}.Debug|Any CPU.Build.0 = Debug|Any CPU
		{293FE813-563E-429C-8501-E10894F397C6}.Release|Any CPU.ActiveCfg = Release|Any CPU
		{293FE813-563E-429C-8501-E10894F397C6}.Release|Any CPU.Build.0 = Release|Any CPU
		{2B3E2556-B67F-4C9F-91C2-87741AD8FB50}.Debug|Any CPU.ActiveCfg = Debug|Any CPU
		{2B3E2556-B67F-4C9F-91C2-87741AD8FB50}.Debug|Any CPU.Build.0 = Debug|Any CPU
		{2B3E2556-B67F-4C9F-91C2-87741AD8FB50}.Release|Any CPU.ActiveCfg = Release|Any CPU
		{2B3E2556-B67F-4C9F-91C2-87741AD8FB50}.Release|Any CPU.Build.0 = Release|Any CPU
		{A872C2CD-A37F-4E71-9B14-A408A7A3A62F}.Debug|Any CPU.ActiveCfg = Debug|Any CPU
		{A872C2CD-A37F-4E71-9B14-A408A7A3A62F}.Debug|Any CPU.Build.0 = Debug|Any CPU
		{A872C2CD-A37F-4E71-9B14-A408A7A3A62F}.Release|Any CPU.ActiveCfg = Release|Any CPU
		{A872C2CD-A37F-4E71-9B14-A408A7A3A62F}.Release|Any CPU.Build.0 = Release|Any CPU
	EndGlobalSection
	GlobalSection(SolutionProperties) = preSolution
		HideSolutionNode = FALSE
	EndGlobalSection
	GlobalSection(NestedProjects) = preSolution
		{615233E0-34EB-4B3F-B92D-F192F54EAAEE} = {37CFBCC3-A3BA-4EEB-9A79-D13B2EBBE98E}
		{31CB5CE9-7670-4BFD-B348-1670E6422054} = {37CFBCC3-A3BA-4EEB-9A79-D13B2EBBE98E}
		{A872C2CD-A37F-4E71-9B14-A408A7A3A62F} = {37CFBCC3-A3BA-4EEB-9A79-D13B2EBBE98E}
		{2AB2AF9D-CBD3-4C9D-B62B-A7D214C9B3E4} = {A530BEA1-2C41-4BBA-9742-E948600EFF19}
		{C52A5AFF-4129-4EDF-A991-60F5BB886BD6} = {A530BEA1-2C41-4BBA-9742-E948600EFF19}
		{E535A624-40B0-460F-A91B-69384D3F24E3} = {65B12A52-F82A-4B6C-A512-195C842E648B}
		{293FE813-563E-429C-8501-E10894F397C6} = {65B12A52-F82A-4B6C-A512-195C842E648B}
		{73B8AC6F-5953-4F02-A10C-13744DB73C8F} = {C167E75D-16A3-4E19-B4C1-190BCE606715}
		{B25C5C05-DA86-4FD3-86B6-ECF196031B09} = {C167E75D-16A3-4E19-B4C1-190BCE606715}
		{B1AEA69D-CA7D-46B2-9D58-067231EC5749} = {41643B38-73AC-4C6D-BBC5-4A17EFC9566D}
		{2B3E2556-B67F-4C9F-91C2-87741AD8FB50} = {41643B38-73AC-4C6D-BBC5-4A17EFC9566D}
		{8C26E256-18DF-4AD4-82D0-0AE54FFB7AF1} = {8FEA7457-14EB-4778-B4E0-A406E52DA851}
		{5C4525CD-DF58-4FB5-9AA0-43A870B75541} = {B0EEC3A1-162D-44B4-BF33-585A560904F6}
	EndGlobalSection
EndGlobal
